// !$*UTF8*$!
{
	archiveVersion = 1;
	classes = {
	};
	objectVersion = 50;
	objects = {

/* Begin PBXBuildFile section */
		AE004996247D149D0084F9E9 /* AppDelegate.m in Sources */ = {isa = PBXBuildFile; fileRef = AE004995247D149D0084F9E9 /* AppDelegate.m */; };
		AE004999247D149D0084F9E9 /* ViewController.m in Sources */ = {isa = PBXBuildFile; fileRef = AE004998247D149D0084F9E9 /* ViewController.m */; };
		AE00499C247D149D0084F9E9 /* Main.storyboard in Resources */ = {isa = PBXBuildFile; fileRef = AE00499A247D149D0084F9E9 /* Main.storyboard */; };
		AE00499E247D149F0084F9E9 /* Assets.xcassets in Resources */ = {isa = PBXBuildFile; fileRef = AE00499D247D149F0084F9E9 /* Assets.xcassets */; };
		AE0049A1247D149F0084F9E9 /* LaunchScreen.storyboard in Resources */ = {isa = PBXBuildFile; fileRef = AE00499F247D149F0084F9E9 /* LaunchScreen.storyboard */; };
		AE0049A4247D149F0084F9E9 /* main.m in Sources */ = {isa = PBXBuildFile; fileRef = AE0049A3247D149F0084F9E9 /* main.m */; };
		AE0049AD247D15000084F9E9 /* QSPlayerFootView.m in Sources */ = {isa = PBXBuildFile; fileRef = AE0049AC247D15000084F9E9 /* QSPlayerFootView.m */; };
		AE0049B0247D15200084F9E9 /* QSPlayerHeadView.m in Sources */ = {isa = PBXBuildFile; fileRef = AE0049AF247D15200084F9E9 /* QSPlayerHeadView.m */; };
		AE0049B3247D15390084F9E9 /* QSPlayerMiddleView.m in Sources */ = {isa = PBXBuildFile; fileRef = AE0049B2247D15390084F9E9 /* QSPlayerMiddleView.m */; };
		AE0049B6247D15450084F9E9 /* QSPlayerView.m in Sources */ = {isa = PBXBuildFile; fileRef = AE0049B5247D15450084F9E9 /* QSPlayerView.m */; };
		AE0049D7247D15E30084F9E9 /* LICENSE in Resources */ = {isa = PBXBuildFile; fileRef = AE0049BB247D15E30084F9E9 /* LICENSE */; };
		AE0049D8247D15E30084F9E9 /* NSLayoutConstraint+MASDebugAdditions.m in Sources */ = {isa = PBXBuildFile; fileRef = AE0049BE247D15E30084F9E9 /* NSLayoutConstraint+MASDebugAdditions.m */; };
		AE0049D9247D15E30084F9E9 /* ViewController+MASAdditions.m in Sources */ = {isa = PBXBuildFile; fileRef = AE0049C7247D15E30084F9E9 /* ViewController+MASAdditions.m */; };
		AE0049DA247D15E30084F9E9 /* MASCompositeConstraint.m in Sources */ = {isa = PBXBuildFile; fileRef = AE0049CB247D15E30084F9E9 /* MASCompositeConstraint.m */; };
		AE0049DB247D15E30084F9E9 /* MASConstraintMaker.m in Sources */ = {isa = PBXBuildFile; fileRef = AE0049CC247D15E30084F9E9 /* MASConstraintMaker.m */; };
		AE0049DC247D15E30084F9E9 /* MASLayoutConstraint.m in Sources */ = {isa = PBXBuildFile; fileRef = AE0049CD247D15E30084F9E9 /* MASLayoutConstraint.m */; };
		AE0049DD247D15E30084F9E9 /* NSArray+MASAdditions.m in Sources */ = {isa = PBXBuildFile; fileRef = AE0049CE247D15E30084F9E9 /* NSArray+MASAdditions.m */; };
		AE0049DE247D15E30084F9E9 /* View+MASAdditions.m in Sources */ = {isa = PBXBuildFile; fileRef = AE0049CF247D15E30084F9E9 /* View+MASAdditions.m */; };
		AE0049DF247D15E30084F9E9 /* MASConstraint.m in Sources */ = {isa = PBXBuildFile; fileRef = AE0049D2247D15E30084F9E9 /* MASConstraint.m */; };
		AE0049E0247D15E30084F9E9 /* MASViewConstraint.m in Sources */ = {isa = PBXBuildFile; fileRef = AE0049D4247D15E30084F9E9 /* MASViewConstraint.m */; };
		AE0049E1247D15E30084F9E9 /* MASViewAttribute.m in Sources */ = {isa = PBXBuildFile; fileRef = AE0049D5247D15E30084F9E9 /* MASViewAttribute.m */; };
		AE0049E2247D15E30084F9E9 /* README.md in Resources */ = {isa = PBXBuildFile; fileRef = AE0049D6247D15E30084F9E9 /* README.md */; };
		AE0049F6247D1EA80084F9E9 /* videoPoint@3x.png in Resources */ = {isa = PBXBuildFile; fileRef = AE0049E4247D1EA80084F9E9 /* videoPoint@3x.png */; };
		AE0049F7247D1EA80084F9E9 /* videoPoint@2x.png in Resources */ = {isa = PBXBuildFile; fileRef = AE0049E5247D1EA80084F9E9 /* videoPoint@2x.png */; };
		AE0049F8247D1EA80084F9E9 /* halfScreen@3x.png in Resources */ = {isa = PBXBuildFile; fileRef = AE0049E6247D1EA80084F9E9 /* halfScreen@3x.png */; };
		AE0049F9247D1EA80084F9E9 /* videoLeftBack@2x.png in Resources */ = {isa = PBXBuildFile; fileRef = AE0049E7247D1EA80084F9E9 /* videoLeftBack@2x.png */; };
		AE0049FA247D1EA80084F9E9 /* videoPlay@3x.png in Resources */ = {isa = PBXBuildFile; fileRef = AE0049E8247D1EA80084F9E9 /* videoPlay@3x.png */; };
		AE0049FB247D1EA80084F9E9 /* videoLock@2x.png in Resources */ = {isa = PBXBuildFile; fileRef = AE0049E9247D1EA80084F9E9 /* videoLock@2x.png */; };
		AE0049FC247D1EA80084F9E9 /* videoLock@3x.png in Resources */ = {isa = PBXBuildFile; fileRef = AE0049EA247D1EA80084F9E9 /* videoLock@3x.png */; };
		AE0049FD247D1EA80084F9E9 /* videoPlay@2x.png in Resources */ = {isa = PBXBuildFile; fileRef = AE0049EB247D1EA80084F9E9 /* videoPlay@2x.png */; };
		AE0049FE247D1EA80084F9E9 /* videoLeftBack@3x.png in Resources */ = {isa = PBXBuildFile; fileRef = AE0049EC247D1EA80084F9E9 /* videoLeftBack@3x.png */; };
		AE0049FF247D1EA80084F9E9 /* halfScreen@2x.png in Resources */ = {isa = PBXBuildFile; fileRef = AE0049ED247D1EA80084F9E9 /* halfScreen@2x.png */; };
		AE004A00247D1EA80084F9E9 /* videoStop@2x.png in Resources */ = {isa = PBXBuildFile; fileRef = AE0049EE247D1EA80084F9E9 /* videoStop@2x.png */; };
		AE004A01247D1EA80084F9E9 /* fullScreen@2x.png in Resources */ = {isa = PBXBuildFile; fileRef = AE0049EF247D1EA80084F9E9 /* fullScreen@2x.png */; };
		AE004A02247D1EA80084F9E9 /* fullScreen@3x.png in Resources */ = {isa = PBXBuildFile; fileRef = AE0049F0247D1EA80084F9E9 /* fullScreen@3x.png */; };
		AE004A03247D1EA80084F9E9 /* videoStop@3x.png in Resources */ = {isa = PBXBuildFile; fileRef = AE0049F1247D1EA80084F9E9 /* videoStop@3x.png */; };
		AE004A04247D1EA80084F9E9 /* videoShare@3x.png in Resources */ = {isa = PBXBuildFile; fileRef = AE0049F2247D1EA80084F9E9 /* videoShare@3x.png */; };
		AE004A05247D1EA80084F9E9 /* videoUnLock@2x.png in Resources */ = {isa = PBXBuildFile; fileRef = AE0049F3247D1EA80084F9E9 /* videoUnLock@2x.png */; };
		AE004A06247D1EA80084F9E9 /* videoUnLock@3x.png in Resources */ = {isa = PBXBuildFile; fileRef = AE0049F4247D1EA80084F9E9 /* videoUnLock@3x.png */; };
		AE004A07247D1EA80084F9E9 /* videoShare@2x.png in Resources */ = {isa = PBXBuildFile; fileRef = AE0049F5247D1EA80084F9E9 /* videoShare@2x.png */; };
		AE4C5A7E248E30B000305ADD /* QSSlider.m in Sources */ = {isa = PBXBuildFile; fileRef = AE4C5A7D248E30B000305ADD /* QSSlider.m */; };
		AE4C5A87248E48A100305ADD /* QSRightPopView.m in Sources */ = {isa = PBXBuildFile; fileRef = AE4C5A86248E48A100305ADD /* QSRightPopView.m */; };
		AE5299F42498C39700B48BD2 /* QSLabelButtonView.m in Sources */ = {isa = PBXBuildFile; fileRef = AE5299F32498C39700B48BD2 /* QSLabelButtonView.m */; };
		AE5299F72498C3C600B48BD2 /* QSLabelAnimationView.m in Sources */ = {isa = PBXBuildFile; fileRef = AE5299F62498C3C600B48BD2 /* QSLabelAnimationView.m */; };
		AE5299FB2498C7C500B48BD2 /* NSString+iOS.m in Sources */ = {isa = PBXBuildFile; fileRef = AE5299FA2498C7C500B48BD2 /* NSString+iOS.m */; };
		AE86E969249073B1009B461E /* QSItemTableView.m in Sources */ = {isa = PBXBuildFile; fileRef = AE86E968249073B1009B461E /* QSItemTableView.m */; };
		AE9495702499FADB006060C1 /* QSPlayerManageBase.m in Sources */ = {isa = PBXBuildFile; fileRef = AE94956F2499FADB006060C1 /* QSPlayerManageBase.m */; };
		AE9495732499FBC1006060C1 /* QSPlayerManage.m in Sources */ = {isa = PBXBuildFile; fileRef = AE9495722499FBC1006060C1 /* QSPlayerManage.m */; };
		AEDF8076247E73A400E29221 /* QSVideoViewController.m in Sources */ = {isa = PBXBuildFile; fileRef = AEDF8075247E73A400E29221 /* QSVideoViewController.m */; };
/* End PBXBuildFile section */

/* Begin PBXFileReference section */
		AE004991247D149D0084F9E9 /* QSPlayer.app */ = {isa = PBXFileReference; explicitFileType = wrapper.application; includeInIndex = 0; path = QSPlayer.app; sourceTree = BUILT_PRODUCTS_DIR; };
		AE004994247D149D0084F9E9 /* AppDelegate.h */ = {isa = PBXFileReference; lastKnownFileType = sourcecode.c.h; path = AppDelegate.h; sourceTree = "<group>"; };
		AE004995247D149D0084F9E9 /* AppDelegate.m */ = {isa = PBXFileReference; lastKnownFileType = sourcecode.c.objc; path = AppDelegate.m; sourceTree = "<group>"; };
		AE004997247D149D0084F9E9 /* ViewController.h */ = {isa = PBXFileReference; lastKnownFileType = sourcecode.c.h; path = ViewController.h; sourceTree = "<group>"; };
		AE004998247D149D0084F9E9 /* ViewController.m */ = {isa = PBXFileReference; lastKnownFileType = sourcecode.c.objc; path = ViewController.m; sourceTree = "<group>"; };
		AE00499B247D149D0084F9E9 /* Base */ = {isa = PBXFileReference; lastKnownFileType = file.storyboard; name = Base; path = Base.lproj/Main.storyboard; sourceTree = "<group>"; };
		AE00499D247D149F0084F9E9 /* Assets.xcassets */ = {isa = PBXFileReference; lastKnownFileType = folder.assetcatalog; path = Assets.xcassets; sourceTree = "<group>"; };
		AE0049A0247D149F0084F9E9 /* Base */ = {isa = PBXFileReference; lastKnownFileType = file.storyboard; name = Base; path = Base.lproj/LaunchScreen.storyboard; sourceTree = "<group>"; };
		AE0049A2247D149F0084F9E9 /* Info.plist */ = {isa = PBXFileReference; lastKnownFileType = text.plist.xml; path = Info.plist; sourceTree = "<group>"; };
		AE0049A3247D149F0084F9E9 /* main.m */ = {isa = PBXFileReference; lastKnownFileType = sourcecode.c.objc; path = main.m; sourceTree = "<group>"; };
		AE0049AB247D15000084F9E9 /* QSPlayerFootView.h */ = {isa = PBXFileReference; lastKnownFileType = sourcecode.c.h; path = QSPlayerFootView.h; sourceTree = "<group>"; };
		AE0049AC247D15000084F9E9 /* QSPlayerFootView.m */ = {isa = PBXFileReference; lastKnownFileType = sourcecode.c.objc; path = QSPlayerFootView.m; sourceTree = "<group>"; };
		AE0049AE247D15200084F9E9 /* QSPlayerHeadView.h */ = {isa = PBXFileReference; lastKnownFileType = sourcecode.c.h; path = QSPlayerHeadView.h; sourceTree = "<group>"; };
		AE0049AF247D15200084F9E9 /* QSPlayerHeadView.m */ = {isa = PBXFileReference; lastKnownFileType = sourcecode.c.objc; path = QSPlayerHeadView.m; sourceTree = "<group>"; };
		AE0049B1247D15390084F9E9 /* QSPlayerMiddleView.h */ = {isa = PBXFileReference; lastKnownFileType = sourcecode.c.h; path = QSPlayerMiddleView.h; sourceTree = "<group>"; };
		AE0049B2247D15390084F9E9 /* QSPlayerMiddleView.m */ = {isa = PBXFileReference; lastKnownFileType = sourcecode.c.objc; path = QSPlayerMiddleView.m; sourceTree = "<group>"; };
		AE0049B4247D15450084F9E9 /* QSPlayerView.h */ = {isa = PBXFileReference; lastKnownFileType = sourcecode.c.h; path = QSPlayerView.h; sourceTree = "<group>"; };
		AE0049B5247D15450084F9E9 /* QSPlayerView.m */ = {isa = PBXFileReference; lastKnownFileType = sourcecode.c.objc; path = QSPlayerView.m; sourceTree = "<group>"; };
		AE0049BB247D15E30084F9E9 /* LICENSE */ = {isa = PBXFileReference; fileEncoding = 4; lastKnownFileType = text; path = LICENSE; sourceTree = "<group>"; };
		AE0049BD247D15E30084F9E9 /* MASCompositeConstraint.h */ = {isa = PBXFileReference; fileEncoding = 4; lastKnownFileType = sourcecode.c.h; path = MASCompositeConstraint.h; sourceTree = "<group>"; };
		AE0049BE247D15E30084F9E9 /* NSLayoutConstraint+MASDebugAdditions.m */ = {isa = PBXFileReference; fileEncoding = 4; lastKnownFileType = sourcecode.c.objc; path = "NSLayoutConstraint+MASDebugAdditions.m"; sourceTree = "<group>"; };
		AE0049BF247D15E30084F9E9 /* MASConstraint+Private.h */ = {isa = PBXFileReference; fileEncoding = 4; lastKnownFileType = sourcecode.c.h; path = "MASConstraint+Private.h"; sourceTree = "<group>"; };
		AE0049C0247D15E30084F9E9 /* MASLayoutConstraint.h */ = {isa = PBXFileReference; fileEncoding = 4; lastKnownFileType = sourcecode.c.h; path = MASLayoutConstraint.h; sourceTree = "<group>"; };
		AE0049C1247D15E30084F9E9 /* NSArray+MASShorthandAdditions.h */ = {isa = PBXFileReference; fileEncoding = 4; lastKnownFileType = sourcecode.c.h; path = "NSArray+MASShorthandAdditions.h"; sourceTree = "<group>"; };
		AE0049C2247D15E30084F9E9 /* MASConstraintMaker.h */ = {isa = PBXFileReference; fileEncoding = 4; lastKnownFileType = sourcecode.c.h; path = MASConstraintMaker.h; sourceTree = "<group>"; };
		AE0049C3247D15E30084F9E9 /* View+MASAdditions.h */ = {isa = PBXFileReference; fileEncoding = 4; lastKnownFileType = sourcecode.c.h; path = "View+MASAdditions.h"; sourceTree = "<group>"; };
		AE0049C4247D15E30084F9E9 /* NSArray+MASAdditions.h */ = {isa = PBXFileReference; fileEncoding = 4; lastKnownFileType = sourcecode.c.h; path = "NSArray+MASAdditions.h"; sourceTree = "<group>"; };
		AE0049C5247D15E30084F9E9 /* MASUtilities.h */ = {isa = PBXFileReference; fileEncoding = 4; lastKnownFileType = sourcecode.c.h; path = MASUtilities.h; sourceTree = "<group>"; };
		AE0049C6247D15E30084F9E9 /* MASViewAttribute.h */ = {isa = PBXFileReference; fileEncoding = 4; lastKnownFileType = sourcecode.c.h; path = MASViewAttribute.h; sourceTree = "<group>"; };
		AE0049C7247D15E30084F9E9 /* ViewController+MASAdditions.m */ = {isa = PBXFileReference; fileEncoding = 4; lastKnownFileType = sourcecode.c.objc; path = "ViewController+MASAdditions.m"; sourceTree = "<group>"; };
		AE0049C8247D15E30084F9E9 /* MASViewConstraint.h */ = {isa = PBXFileReference; fileEncoding = 4; lastKnownFileType = sourcecode.c.h; path = MASViewConstraint.h; sourceTree = "<group>"; };
		AE0049C9247D15E30084F9E9 /* MASConstraint.h */ = {isa = PBXFileReference; fileEncoding = 4; lastKnownFileType = sourcecode.c.h; path = MASConstraint.h; sourceTree = "<group>"; };
		AE0049CA247D15E30084F9E9 /* NSLayoutConstraint+MASDebugAdditions.h */ = {isa = PBXFileReference; fileEncoding = 4; lastKnownFileType = sourcecode.c.h; path = "NSLayoutConstraint+MASDebugAdditions.h"; sourceTree = "<group>"; };
		AE0049CB247D15E30084F9E9 /* MASCompositeConstraint.m */ = {isa = PBXFileReference; fileEncoding = 4; lastKnownFileType = sourcecode.c.objc; path = MASCompositeConstraint.m; sourceTree = "<group>"; };
		AE0049CC247D15E30084F9E9 /* MASConstraintMaker.m */ = {isa = PBXFileReference; fileEncoding = 4; lastKnownFileType = sourcecode.c.objc; path = MASConstraintMaker.m; sourceTree = "<group>"; };
		AE0049CD247D15E30084F9E9 /* MASLayoutConstraint.m */ = {isa = PBXFileReference; fileEncoding = 4; lastKnownFileType = sourcecode.c.objc; path = MASLayoutConstraint.m; sourceTree = "<group>"; };
		AE0049CE247D15E30084F9E9 /* NSArray+MASAdditions.m */ = {isa = PBXFileReference; fileEncoding = 4; lastKnownFileType = sourcecode.c.objc; path = "NSArray+MASAdditions.m"; sourceTree = "<group>"; };
		AE0049CF247D15E30084F9E9 /* View+MASAdditions.m */ = {isa = PBXFileReference; fileEncoding = 4; lastKnownFileType = sourcecode.c.objc; path = "View+MASAdditions.m"; sourceTree = "<group>"; };
		AE0049D0247D15E30084F9E9 /* View+MASShorthandAdditions.h */ = {isa = PBXFileReference; fileEncoding = 4; lastKnownFileType = sourcecode.c.h; path = "View+MASShorthandAdditions.h"; sourceTree = "<group>"; };
		AE0049D1247D15E30084F9E9 /* Masonry.h */ = {isa = PBXFileReference; fileEncoding = 4; lastKnownFileType = sourcecode.c.h; path = Masonry.h; sourceTree = "<group>"; };
		AE0049D2247D15E30084F9E9 /* MASConstraint.m */ = {isa = PBXFileReference; fileEncoding = 4; lastKnownFileType = sourcecode.c.objc; path = MASConstraint.m; sourceTree = "<group>"; };
		AE0049D3247D15E30084F9E9 /* ViewController+MASAdditions.h */ = {isa = PBXFileReference; fileEncoding = 4; lastKnownFileType = sourcecode.c.h; path = "ViewController+MASAdditions.h"; sourceTree = "<group>"; };
		AE0049D4247D15E30084F9E9 /* MASViewConstraint.m */ = {isa = PBXFileReference; fileEncoding = 4; lastKnownFileType = sourcecode.c.objc; path = MASViewConstraint.m; sourceTree = "<group>"; };
		AE0049D5247D15E30084F9E9 /* MASViewAttribute.m */ = {isa = PBXFileReference; fileEncoding = 4; lastKnownFileType = sourcecode.c.objc; path = MASViewAttribute.m; sourceTree = "<group>"; };
		AE0049D6247D15E30084F9E9 /* README.md */ = {isa = PBXFileReference; fileEncoding = 4; lastKnownFileType = net.daringfireball.markdown; path = README.md; sourceTree = "<group>"; };
		AE0049E4247D1EA80084F9E9 /* videoPoint@3x.png */ = {isa = PBXFileReference; lastKnownFileType = image.png; path = "videoPoint@3x.png"; sourceTree = "<group>"; };
		AE0049E5247D1EA80084F9E9 /* videoPoint@2x.png */ = {isa = PBXFileReference; lastKnownFileType = image.png; path = "videoPoint@2x.png"; sourceTree = "<group>"; };
		AE0049E6247D1EA80084F9E9 /* halfScreen@3x.png */ = {isa = PBXFileReference; lastKnownFileType = image.png; path = "halfScreen@3x.png"; sourceTree = "<group>"; };
		AE0049E7247D1EA80084F9E9 /* videoLeftBack@2x.png */ = {isa = PBXFileReference; lastKnownFileType = image.png; path = "videoLeftBack@2x.png"; sourceTree = "<group>"; };
		AE0049E8247D1EA80084F9E9 /* videoPlay@3x.png */ = {isa = PBXFileReference; lastKnownFileType = image.png; path = "videoPlay@3x.png"; sourceTree = "<group>"; };
		AE0049E9247D1EA80084F9E9 /* videoLock@2x.png */ = {isa = PBXFileReference; lastKnownFileType = image.png; path = "videoLock@2x.png"; sourceTree = "<group>"; };
		AE0049EA247D1EA80084F9E9 /* videoLock@3x.png */ = {isa = PBXFileReference; lastKnownFileType = image.png; path = "videoLock@3x.png"; sourceTree = "<group>"; };
		AE0049EB247D1EA80084F9E9 /* videoPlay@2x.png */ = {isa = PBXFileReference; lastKnownFileType = image.png; path = "videoPlay@2x.png"; sourceTree = "<group>"; };
		AE0049EC247D1EA80084F9E9 /* videoLeftBack@3x.png */ = {isa = PBXFileReference; lastKnownFileType = image.png; path = "videoLeftBack@3x.png"; sourceTree = "<group>"; };
		AE0049ED247D1EA80084F9E9 /* halfScreen@2x.png */ = {isa = PBXFileReference; lastKnownFileType = image.png; path = "halfScreen@2x.png"; sourceTree = "<group>"; };
		AE0049EE247D1EA80084F9E9 /* videoStop@2x.png */ = {isa = PBXFileReference; lastKnownFileType = image.png; path = "videoStop@2x.png"; sourceTree = "<group>"; };
		AE0049EF247D1EA80084F9E9 /* fullScreen@2x.png */ = {isa = PBXFileReference; lastKnownFileType = image.png; path = "fullScreen@2x.png"; sourceTree = "<group>"; };
		AE0049F0247D1EA80084F9E9 /* fullScreen@3x.png */ = {isa = PBXFileReference; lastKnownFileType = image.png; path = "fullScreen@3x.png"; sourceTree = "<group>"; };
		AE0049F1247D1EA80084F9E9 /* videoStop@3x.png */ = {isa = PBXFileReference; lastKnownFileType = image.png; path = "videoStop@3x.png"; sourceTree = "<group>"; };
		AE0049F2247D1EA80084F9E9 /* videoShare@3x.png */ = {isa = PBXFileReference; lastKnownFileType = image.png; path = "videoShare@3x.png"; sourceTree = "<group>"; };
		AE0049F3247D1EA80084F9E9 /* videoUnLock@2x.png */ = {isa = PBXFileReference; lastKnownFileType = image.png; path = "videoUnLock@2x.png"; sourceTree = "<group>"; };
		AE0049F4247D1EA80084F9E9 /* videoUnLock@3x.png */ = {isa = PBXFileReference; lastKnownFileType = image.png; path = "videoUnLock@3x.png"; sourceTree = "<group>"; };
		AE0049F5247D1EA80084F9E9 /* videoShare@2x.png */ = {isa = PBXFileReference; lastKnownFileType = image.png; path = "videoShare@2x.png"; sourceTree = "<group>"; };
		AE033DAB247FBB0A0048A6A1 /* QSPlayerParam.h */ = {isa = PBXFileReference; lastKnownFileType = sourcecode.c.h; path = QSPlayerParam.h; sourceTree = "<group>"; };
		AE4C5A7C248E30B000305ADD /* QSSlider.h */ = {isa = PBXFileReference; lastKnownFileType = sourcecode.c.h; path = QSSlider.h; sourceTree = "<group>"; };
		AE4C5A7D248E30B000305ADD /* QSSlider.m */ = {isa = PBXFileReference; lastKnownFileType = sourcecode.c.objc; path = QSSlider.m; sourceTree = "<group>"; };
		AE4C5A85248E48A100305ADD /* QSRightPopView.h */ = {isa = PBXFileReference; lastKnownFileType = sourcecode.c.h; path = QSRightPopView.h; sourceTree = "<group>"; };
		AE4C5A86248E48A100305ADD /* QSRightPopView.m */ = {isa = PBXFileReference; lastKnownFileType = sourcecode.c.objc; path = QSRightPopView.m; sourceTree = "<group>"; };
		AE5299F22498C39700B48BD2 /* QSLabelButtonView.h */ = {isa = PBXFileReference; lastKnownFileType = sourcecode.c.h; path = QSLabelButtonView.h; sourceTree = "<group>"; };
		AE5299F32498C39700B48BD2 /* QSLabelButtonView.m */ = {isa = PBXFileReference; lastKnownFileType = sourcecode.c.objc; path = QSLabelButtonView.m; sourceTree = "<group>"; };
		AE5299F52498C3C600B48BD2 /* QSLabelAnimationView.h */ = {isa = PBXFileReference; lastKnownFileType = sourcecode.c.h; path = QSLabelAnimationView.h; sourceTree = "<group>"; };
		AE5299F62498C3C600B48BD2 /* QSLabelAnimationView.m */ = {isa = PBXFileReference; lastKnownFileType = sourcecode.c.objc; path = QSLabelAnimationView.m; sourceTree = "<group>"; };
		AE5299F92498C7C500B48BD2 /* NSString+iOS.h */ = {isa = PBXFileReference; fileEncoding = 4; lastKnownFileType = sourcecode.c.h; path = "NSString+iOS.h"; sourceTree = "<group>"; };
		AE5299FA2498C7C500B48BD2 /* NSString+iOS.m */ = {isa = PBXFileReference; fileEncoding = 4; lastKnownFileType = sourcecode.c.objc; path = "NSString+iOS.m"; sourceTree = "<group>"; };
		AE86E967249073B1009B461E /* QSItemTableView.h */ = {isa = PBXFileReference; lastKnownFileType = sourcecode.c.h; path = QSItemTableView.h; sourceTree = "<group>"; };
		AE86E968249073B1009B461E /* QSItemTableView.m */ = {isa = PBXFileReference; lastKnownFileType = sourcecode.c.objc; path = QSItemTableView.m; sourceTree = "<group>"; };
		AE94956E2499FADB006060C1 /* QSPlayerManageBase.h */ = {isa = PBXFileReference; lastKnownFileType = sourcecode.c.h; path = QSPlayerManageBase.h; sourceTree = "<group>"; };
		AE94956F2499FADB006060C1 /* QSPlayerManageBase.m */ = {isa = PBXFileReference; lastKnownFileType = sourcecode.c.objc; path = QSPlayerManageBase.m; sourceTree = "<group>"; };
		AE9495712499FBC1006060C1 /* QSPlayerManage.h */ = {isa = PBXFileReference; lastKnownFileType = sourcecode.c.h; path = QSPlayerManage.h; sourceTree = "<group>"; };
		AE9495722499FBC1006060C1 /* QSPlayerManage.m */ = {isa = PBXFileReference; lastKnownFileType = sourcecode.c.objc; path = QSPlayerManage.m; sourceTree = "<group>"; };
		AEDF8074247E73A400E29221 /* QSVideoViewController.h */ = {isa = PBXFileReference; lastKnownFileType = sourcecode.c.h; path = QSVideoViewController.h; sourceTree = "<group>"; };
		AEDF8075247E73A400E29221 /* QSVideoViewController.m */ = {isa = PBXFileReference; lastKnownFileType = sourcecode.c.objc; path = QSVideoViewController.m; sourceTree = "<group>"; };
/* End PBXFileReference section */

/* Begin PBXFrameworksBuildPhase section */
		AE00498E247D149D0084F9E9 /* Frameworks */ = {
			isa = PBXFrameworksBuildPhase;
			buildActionMask = 2147483647;
			files = (
			);
			runOnlyForDeploymentPostprocessing = 0;
		};
/* End PBXFrameworksBuildPhase section */

/* Begin PBXGroup section */
		AE004988247D149D0084F9E9 = {
			isa = PBXGroup;
			children = (
				AE0049E3247D1EA80084F9E9 /* Image */,
				AE0049BA247D15E30084F9E9 /* Masonry */,
				AE0049AA247D14CF0084F9E9 /* QSPlayerCode */,
				AE004993247D149D0084F9E9 /* QSPlayer */,
				AE004992247D149D0084F9E9 /* Products */,
			);
			sourceTree = "<group>";
		};
		AE004992247D149D0084F9E9 /* Products */ = {
			isa = PBXGroup;
			children = (
				AE004991247D149D0084F9E9 /* QSPlayer.app */,
			);
			name = Products;
			sourceTree = "<group>";
		};
		AE004993247D149D0084F9E9 /* QSPlayer */ = {
			isa = PBXGroup;
			children = (
				AE004994247D149D0084F9E9 /* AppDelegate.h */,
				AE004995247D149D0084F9E9 /* AppDelegate.m */,
				AE004997247D149D0084F9E9 /* ViewController.h */,
				AE004998247D149D0084F9E9 /* ViewController.m */,
				AEDF8074247E73A400E29221 /* QSVideoViewController.h */,
				AEDF8075247E73A400E29221 /* QSVideoViewController.m */,
				AE00499A247D149D0084F9E9 /* Main.storyboard */,
				AE00499D247D149F0084F9E9 /* Assets.xcassets */,
				AE00499F247D149F0084F9E9 /* LaunchScreen.storyboard */,
				AE0049A2247D149F0084F9E9 /* Info.plist */,
				AE0049A3247D149F0084F9E9 /* main.m */,
			);
			path = QSPlayer;
			sourceTree = "<group>";
		};
		AE0049AA247D14CF0084F9E9 /* QSPlayerCode */ = {
			isa = PBXGroup;
			children = (
				AE5299F82498C7C500B48BD2 /* QSTools */,
				AE4C5A80248E47ED00305ADD /* QSOperationView */,
				AE4C5A81248E47ED00305ADD /* QSStatusView */,
				AE0049AB247D15000084F9E9 /* QSPlayerFootView.h */,
				AE0049AC247D15000084F9E9 /* QSPlayerFootView.m */,
				AE0049AE247D15200084F9E9 /* QSPlayerHeadView.h */,
				AE0049AF247D15200084F9E9 /* QSPlayerHeadView.m */,
				AE0049B1247D15390084F9E9 /* QSPlayerMiddleView.h */,
				AE0049B2247D15390084F9E9 /* QSPlayerMiddleView.m */,
				AE0049B4247D15450084F9E9 /* QSPlayerView.h */,
				AE0049B5247D15450084F9E9 /* QSPlayerView.m */,
				AE94956E2499FADB006060C1 /* QSPlayerManageBase.h */,
				AE94956F2499FADB006060C1 /* QSPlayerManageBase.m */,
				AE9495712499FBC1006060C1 /* QSPlayerManage.h */,
				AE9495722499FBC1006060C1 /* QSPlayerManage.m */,
				AE033DAB247FBB0A0048A6A1 /* QSPlayerParam.h */,
				AE4C5A7C248E30B000305ADD /* QSSlider.h */,
				AE4C5A7D248E30B000305ADD /* QSSlider.m */,
			);
			path = QSPlayerCode;
			sourceTree = "<group>";
		};
		AE0049BA247D15E30084F9E9 /* Masonry */ = {
			isa = PBXGroup;
			children = (
				AE0049BB247D15E30084F9E9 /* LICENSE */,
				AE0049BC247D15E30084F9E9 /* Masonry */,
				AE0049D6247D15E30084F9E9 /* README.md */,
			);
			path = Masonry;
			sourceTree = "<group>";
		};
		AE0049BC247D15E30084F9E9 /* Masonry */ = {
			isa = PBXGroup;
			children = (
				AE0049BD247D15E30084F9E9 /* MASCompositeConstraint.h */,
				AE0049BE247D15E30084F9E9 /* NSLayoutConstraint+MASDebugAdditions.m */,
				AE0049BF247D15E30084F9E9 /* MASConstraint+Private.h */,
				AE0049C0247D15E30084F9E9 /* MASLayoutConstraint.h */,
				AE0049C1247D15E30084F9E9 /* NSArray+MASShorthandAdditions.h */,
				AE0049C2247D15E30084F9E9 /* MASConstraintMaker.h */,
				AE0049C3247D15E30084F9E9 /* View+MASAdditions.h */,
				AE0049C4247D15E30084F9E9 /* NSArray+MASAdditions.h */,
				AE0049C5247D15E30084F9E9 /* MASUtilities.h */,
				AE0049C6247D15E30084F9E9 /* MASViewAttribute.h */,
				AE0049C7247D15E30084F9E9 /* ViewController+MASAdditions.m */,
				AE0049C8247D15E30084F9E9 /* MASViewConstraint.h */,
				AE0049C9247D15E30084F9E9 /* MASConstraint.h */,
				AE0049CA247D15E30084F9E9 /* NSLayoutConstraint+MASDebugAdditions.h */,
				AE0049CB247D15E30084F9E9 /* MASCompositeConstraint.m */,
				AE0049CC247D15E30084F9E9 /* MASConstraintMaker.m */,
				AE0049CD247D15E30084F9E9 /* MASLayoutConstraint.m */,
				AE0049CE247D15E30084F9E9 /* NSArray+MASAdditions.m */,
				AE0049CF247D15E30084F9E9 /* View+MASAdditions.m */,
				AE0049D0247D15E30084F9E9 /* View+MASShorthandAdditions.h */,
				AE0049D1247D15E30084F9E9 /* Masonry.h */,
				AE0049D2247D15E30084F9E9 /* MASConstraint.m */,
				AE0049D3247D15E30084F9E9 /* ViewController+MASAdditions.h */,
				AE0049D4247D15E30084F9E9 /* MASViewConstraint.m */,
				AE0049D5247D15E30084F9E9 /* MASViewAttribute.m */,
			);
			path = Masonry;
			sourceTree = "<group>";
		};
		AE0049E3247D1EA80084F9E9 /* Image */ = {
			isa = PBXGroup;
			children = (
				AE0049E4247D1EA80084F9E9 /* videoPoint@3x.png */,
				AE0049E5247D1EA80084F9E9 /* videoPoint@2x.png */,
				AE0049E6247D1EA80084F9E9 /* halfScreen@3x.png */,
				AE0049E7247D1EA80084F9E9 /* videoLeftBack@2x.png */,
				AE0049E8247D1EA80084F9E9 /* videoPlay@3x.png */,
				AE0049E9247D1EA80084F9E9 /* videoLock@2x.png */,
				AE0049EA247D1EA80084F9E9 /* videoLock@3x.png */,
				AE0049EB247D1EA80084F9E9 /* videoPlay@2x.png */,
				AE0049EC247D1EA80084F9E9 /* videoLeftBack@3x.png */,
				AE0049ED247D1EA80084F9E9 /* halfScreen@2x.png */,
				AE0049EE247D1EA80084F9E9 /* videoStop@2x.png */,
				AE0049EF247D1EA80084F9E9 /* fullScreen@2x.png */,
				AE0049F0247D1EA80084F9E9 /* fullScreen@3x.png */,
				AE0049F1247D1EA80084F9E9 /* videoStop@3x.png */,
				AE0049F2247D1EA80084F9E9 /* videoShare@3x.png */,
				AE0049F3247D1EA80084F9E9 /* videoUnLock@2x.png */,
				AE0049F4247D1EA80084F9E9 /* videoUnLock@3x.png */,
				AE0049F5247D1EA80084F9E9 /* videoShare@2x.png */,
			);
			path = Image;
			sourceTree = "<group>";
		};
		AE4C5A80248E47ED00305ADD /* QSOperationView */ = {
			isa = PBXGroup;
			children = (
				AE4C5A85248E48A100305ADD /* QSRightPopView.h */,
				AE4C5A86248E48A100305ADD /* QSRightPopView.m */,
				AE86E967249073B1009B461E /* QSItemTableView.h */,
				AE86E968249073B1009B461E /* QSItemTableView.m */,
			);
			path = QSOperationView;
			sourceTree = "<group>";
		};
		AE4C5A81248E47ED00305ADD /* QSStatusView */ = {
			isa = PBXGroup;
			children = (
				AE5299F22498C39700B48BD2 /* QSLabelButtonView.h */,
				AE5299F32498C39700B48BD2 /* QSLabelButtonView.m */,
				AE5299F52498C3C600B48BD2 /* QSLabelAnimationView.h */,
				AE5299F62498C3C600B48BD2 /* QSLabelAnimationView.m */,
			);
			path = QSStatusView;
			sourceTree = "<group>";
		};
		AE5299F82498C7C500B48BD2 /* QSTools */ = {
			isa = PBXGroup;
			children = (
				AE5299F92498C7C500B48BD2 /* NSString+iOS.h */,
				AE5299FA2498C7C500B48BD2 /* NSString+iOS.m */,
			);
			path = QSTools;
			sourceTree = "<group>";
		};
/* End PBXGroup section */

/* Begin PBXNativeTarget section */
		AE004990247D149D0084F9E9 /* QSPlayer */ = {
			isa = PBXNativeTarget;
			buildConfigurationList = AE0049A7247D149F0084F9E9 /* Build configuration list for PBXNativeTarget "QSPlayer" */;
			buildPhases = (
				AE00498D247D149D0084F9E9 /* Sources */,
				AE00498E247D149D0084F9E9 /* Frameworks */,
				AE00498F247D149D0084F9E9 /* Resources */,
			);
			buildRules = (
			);
			dependencies = (
			);
			name = QSPlayer;
			productName = QSPlayer;
			productReference = AE004991247D149D0084F9E9 /* QSPlayer.app */;
			productType = "com.apple.product-type.application";
		};
/* End PBXNativeTarget section */

/* Begin PBXProject section */
		AE004989247D149D0084F9E9 /* Project object */ = {
			isa = PBXProject;
			attributes = {
				LastUpgradeCheck = 1020;
				ORGANIZATIONNAME = "wuqiushan3@163.com";
				TargetAttributes = {
					AE004990247D149D0084F9E9 = {
						CreatedOnToolsVersion = 10.2.1;
						SystemCapabilities = {
							com.apple.BackgroundModes = {
								enabled = 0;
							};
						};
					};
				};
			};
			buildConfigurationList = AE00498C247D149D0084F9E9 /* Build configuration list for PBXProject "QSPlayer" */;
			compatibilityVersion = "Xcode 9.3";
			developmentRegion = en;
			hasScannedForEncodings = 0;
			knownRegions = (
				en,
				Base,
			);
			mainGroup = AE004988247D149D0084F9E9;
			productRefGroup = AE004992247D149D0084F9E9 /* Products */;
			projectDirPath = "";
			projectRoot = "";
			targets = (
				AE004990247D149D0084F9E9 /* QSPlayer */,
			);
		};
/* End PBXProject section */

/* Begin PBXResourcesBuildPhase section */
		AE00498F247D149D0084F9E9 /* Resources */ = {
			isa = PBXResourcesBuildPhase;
			buildActionMask = 2147483647;
			files = (
				AE0049FD247D1EA80084F9E9 /* videoPlay@2x.png in Resources */,
				AE004A03247D1EA80084F9E9 /* videoStop@3x.png in Resources */,
				AE0049FE247D1EA80084F9E9 /* videoLeftBack@3x.png in Resources */,
				AE004A05247D1EA80084F9E9 /* videoUnLock@2x.png in Resources */,
				AE0049A1247D149F0084F9E9 /* LaunchScreen.storyboard in Resources */,
				AE004A07247D1EA80084F9E9 /* videoShare@2x.png in Resources */,
				AE0049FF247D1EA80084F9E9 /* halfScreen@2x.png in Resources */,
				AE004A04247D1EA80084F9E9 /* videoShare@3x.png in Resources */,
				AE004A06247D1EA80084F9E9 /* videoUnLock@3x.png in Resources */,
				AE0049FA247D1EA80084F9E9 /* videoPlay@3x.png in Resources */,
				AE00499E247D149F0084F9E9 /* Assets.xcassets in Resources */,
				AE0049F8247D1EA80084F9E9 /* halfScreen@3x.png in Resources */,
				AE0049F7247D1EA80084F9E9 /* videoPoint@2x.png in Resources */,
				AE0049FB247D1EA80084F9E9 /* videoLock@2x.png in Resources */,
				AE0049F6247D1EA80084F9E9 /* videoPoint@3x.png in Resources */,
				AE004A01247D1EA80084F9E9 /* fullScreen@2x.png in Resources */,
				AE004A00247D1EA80084F9E9 /* videoStop@2x.png in Resources */,
				AE0049E2247D15E30084F9E9 /* README.md in Resources */,
				AE0049D7247D15E30084F9E9 /* LICENSE in Resources */,
				AE004A02247D1EA80084F9E9 /* fullScreen@3x.png in Resources */,
				AE0049F9247D1EA80084F9E9 /* videoLeftBack@2x.png in Resources */,
				AE0049FC247D1EA80084F9E9 /* videoLock@3x.png in Resources */,
				AE00499C247D149D0084F9E9 /* Main.storyboard in Resources */,
			);
			runOnlyForDeploymentPostprocessing = 0;
		};
/* End PBXResourcesBuildPhase section */

/* Begin PBXSourcesBuildPhase section */
		AE00498D247D149D0084F9E9 /* Sources */ = {
			isa = PBXSourcesBuildPhase;
			buildActionMask = 2147483647;
			files = (
				AE0049DF247D15E30084F9E9 /* MASConstraint.m in Sources */,
				AE0049DD247D15E30084F9E9 /* NSArray+MASAdditions.m in Sources */,
				AE004999247D149D0084F9E9 /* ViewController.m in Sources */,
				AE0049AD247D15000084F9E9 /* QSPlayerFootView.m in Sources */,
				AE4C5A7E248E30B000305ADD /* QSSlider.m in Sources */,
				AE0049D8247D15E30084F9E9 /* NSLayoutConstraint+MASDebugAdditions.m in Sources */,
				AE0049E1247D15E30084F9E9 /* MASViewAttribute.m in Sources */,
				AE9495732499FBC1006060C1 /* QSPlayerManage.m in Sources */,
				AE5299F42498C39700B48BD2 /* QSLabelButtonView.m in Sources */,
				AE5299F72498C3C600B48BD2 /* QSLabelAnimationView.m in Sources */,
				AE0049B3247D15390084F9E9 /* QSPlayerMiddleView.m in Sources */,
				AE0049E0247D15E30084F9E9 /* MASViewConstraint.m in Sources */,
				AE0049B6247D15450084F9E9 /* QSPlayerView.m in Sources */,
				AE5299FB2498C7C500B48BD2 /* NSString+iOS.m in Sources */,
				AE0049DB247D15E30084F9E9 /* MASConstraintMaker.m in Sources */,
				AE0049DC247D15E30084F9E9 /* MASLayoutConstraint.m in Sources */,
				AE0049DE247D15E30084F9E9 /* View+MASAdditions.m in Sources */,
				AE0049DA247D15E30084F9E9 /* MASCompositeConstraint.m in Sources */,
				AE0049A4247D149F0084F9E9 /* main.m in Sources */,
				AE0049D9247D15E30084F9E9 /* ViewController+MASAdditions.m in Sources */,
				AE004996247D149D0084F9E9 /* AppDelegate.m in Sources */,
				AE86E969249073B1009B461E /* QSItemTableView.m in Sources */,
				AE9495702499FADB006060C1 /* QSPlayerManageBase.m in Sources */,
				AE4C5A87248E48A100305ADD /* QSRightPopView.m in Sources */,
				AEDF8076247E73A400E29221 /* QSVideoViewController.m in Sources */,
				AE0049B0247D15200084F9E9 /* QSPlayerHeadView.m in Sources */,
			);
			runOnlyForDeploymentPostprocessing = 0;
		};
/* End PBXSourcesBuildPhase section */

/* Begin PBXVariantGroup section */
		AE00499A247D149D0084F9E9 /* Main.storyboard */ = {
			isa = PBXVariantGroup;
			children = (
				AE00499B247D149D0084F9E9 /* Base */,
			);
			name = Main.storyboard;
			sourceTree = "<group>";
		};
		AE00499F247D149F0084F9E9 /* LaunchScreen.storyboard */ = {
			isa = PBXVariantGroup;
			children = (
				AE0049A0247D149F0084F9E9 /* Base */,
			);
			name = LaunchScreen.storyboard;
			sourceTree = "<group>";
		};
/* End PBXVariantGroup section */

/* Begin XCBuildConfiguration section */
		AE0049A5247D149F0084F9E9 /* Debug */ = {
			isa = XCBuildConfiguration;
			buildSettings = {
				ALWAYS_SEARCH_USER_PATHS = NO;
				CLANG_ANALYZER_NONNULL = YES;
				CLANG_ANALYZER_NUMBER_OBJECT_CONVERSION = YES_AGGRESSIVE;
				CLANG_CXX_LANGUAGE_STANDARD = "gnu++14";
				CLANG_CXX_LIBRARY = "libc++";
				CLANG_ENABLE_MODULES = YES;
				CLANG_ENABLE_OBJC_ARC = YES;
				CLANG_ENABLE_OBJC_WEAK = YES;
				CLANG_WARN_BLOCK_CAPTURE_AUTORELEASING = YES;
				CLANG_WARN_BOOL_CONVERSION = YES;
				CLANG_WARN_COMMA = YES;
				CLANG_WARN_CONSTANT_CONVERSION = YES;
				CLANG_WARN_DEPRECATED_OBJC_IMPLEMENTATIONS = YES;
				CLANG_WARN_DIRECT_OBJC_ISA_USAGE = YES_ERROR;
				CLANG_WARN_DOCUMENTATION_COMMENTS = YES;
				CLANG_WARN_EMPTY_BODY = YES;
				CLANG_WARN_ENUM_CONVERSION = YES;
				CLANG_WARN_INFINITE_RECURSION = YES;
				CLANG_WARN_INT_CONVERSION = YES;
				CLANG_WARN_NON_LITERAL_NULL_CONVERSION = YES;
				CLANG_WARN_OBJC_IMPLICIT_RETAIN_SELF = YES;
				CLANG_WARN_OBJC_LITERAL_CONVERSION = YES;
				CLANG_WARN_OBJC_ROOT_CLASS = YES_ERROR;
				CLANG_WARN_RANGE_LOOP_ANALYSIS = YES;
				CLANG_WARN_STRICT_PROTOTYPES = YES;
				CLANG_WARN_SUSPICIOUS_MOVE = YES;
				CLANG_WARN_UNGUARDED_AVAILABILITY = YES_AGGRESSIVE;
				CLANG_WARN_UNREACHABLE_CODE = YES;
				CLANG_WARN__DUPLICATE_METHOD_MATCH = YES;
				CODE_SIGN_IDENTITY = "iPhone Developer";
				COPY_PHASE_STRIP = NO;
				DEBUG_INFORMATION_FORMAT = dwarf;
				ENABLE_STRICT_OBJC_MSGSEND = YES;
				ENABLE_TESTABILITY = YES;
				GCC_C_LANGUAGE_STANDARD = gnu11;
				GCC_DYNAMIC_NO_PIC = NO;
				GCC_NO_COMMON_BLOCKS = YES;
				GCC_OPTIMIZATION_LEVEL = 0;
				GCC_PREPROCESSOR_DEFINITIONS = (
					"DEBUG=1",
					"$(inherited)",
				);
				GCC_WARN_64_TO_32_BIT_CONVERSION = YES;
				GCC_WARN_ABOUT_RETURN_TYPE = YES_ERROR;
				GCC_WARN_UNDECLARED_SELECTOR = YES;
				GCC_WARN_UNINITIALIZED_AUTOS = YES_AGGRESSIVE;
				GCC_WARN_UNUSED_FUNCTION = YES;
				GCC_WARN_UNUSED_VARIABLE = YES;
				IPHONEOS_DEPLOYMENT_TARGET = 10.0;
				MTL_ENABLE_DEBUG_INFO = INCLUDE_SOURCE;
				MTL_FAST_MATH = YES;
				ONLY_ACTIVE_ARCH = YES;
				SDKROOT = iphoneos;
			};
			name = Debug;
		};
		AE0049A6247D149F0084F9E9 /* Release */ = {
			isa = XCBuildConfiguration;
			buildSettings = {
				ALWAYS_SEARCH_USER_PATHS = NO;
				CLANG_ANALYZER_NONNULL = YES;
				CLANG_ANALYZER_NUMBER_OBJECT_CONVERSION = YES_AGGRESSIVE;
				CLANG_CXX_LANGUAGE_STANDARD = "gnu++14";
				CLANG_CXX_LIBRARY = "libc++";
				CLANG_ENABLE_MODULES = YES;
				CLANG_ENABLE_OBJC_ARC = YES;
				CLANG_ENABLE_OBJC_WEAK = YES;
				CLANG_WARN_BLOCK_CAPTURE_AUTORELEASING = YES;
				CLANG_WARN_BOOL_CONVERSION = YES;
				CLANG_WARN_COMMA = YES;
				CLANG_WARN_CONSTANT_CONVERSION = YES;
				CLANG_WARN_DEPRECATED_OBJC_IMPLEMENTATIONS = YES;
				CLANG_WARN_DIRECT_OBJC_ISA_USAGE = YES_ERROR;
				CLANG_WARN_DOCUMENTATION_COMMENTS = YES;
				CLANG_WARN_EMPTY_BODY = YES;
				CLANG_WARN_ENUM_CONVERSION = YES;
				CLANG_WARN_INFINITE_RECURSION = YES;
				CLANG_WARN_INT_CONVERSION = YES;
				CLANG_WARN_NON_LITERAL_NULL_CONVERSION = YES;
				CLANG_WARN_OBJC_IMPLICIT_RETAIN_SELF = YES;
				CLANG_WARN_OBJC_LITERAL_CONVERSION = YES;
				CLANG_WARN_OBJC_ROOT_CLASS = YES_ERROR;
				CLANG_WARN_RANGE_LOOP_ANALYSIS = YES;
				CLANG_WARN_STRICT_PROTOTYPES = YES;
				CLANG_WARN_SUSPICIOUS_MOVE = YES;
				CLANG_WARN_UNGUARDED_AVAILABILITY = YES_AGGRESSIVE;
				CLANG_WARN_UNREACHABLE_CODE = YES;
				CLANG_WARN__DUPLICATE_METHOD_MATCH = YES;
				CODE_SIGN_IDENTITY = "iPhone Developer";
				COPY_PHASE_STRIP = NO;
				DEBUG_INFORMATION_FORMAT = "dwarf-with-dsym";
				ENABLE_NS_ASSERTIONS = NO;
				ENABLE_STRICT_OBJC_MSGSEND = YES;
				GCC_C_LANGUAGE_STANDARD = gnu11;
				GCC_NO_COMMON_BLOCKS = YES;
				GCC_WARN_64_TO_32_BIT_CONVERSION = YES;
				GCC_WARN_ABOUT_RETURN_TYPE = YES_ERROR;
				GCC_WARN_UNDECLARED_SELECTOR = YES;
				GCC_WARN_UNINITIALIZED_AUTOS = YES_AGGRESSIVE;
				GCC_WARN_UNUSED_FUNCTION = YES;
				GCC_WARN_UNUSED_VARIABLE = YES;
				IPHONEOS_DEPLOYMENT_TARGET = 10.0;
				MTL_ENABLE_DEBUG_INFO = NO;
				MTL_FAST_MATH = YES;
				SDKROOT = iphoneos;
				VALIDATE_PRODUCT = YES;
			};
			name = Release;
		};
		AE0049A8247D149F0084F9E9 /* Debug */ = {
			isa = XCBuildConfiguration;
			buildSettings = {
				ASSETCATALOG_COMPILER_APPICON_NAME = AppIcon;
				CODE_SIGN_STYLE = Automatic;
				DEVELOPMENT_TEAM = MVEES8GA63;
				INFOPLIST_FILE = QSPlayer/Info.plist;
				IPHONEOS_DEPLOYMENT_TARGET = 10.0;
				LD_RUNPATH_SEARCH_PATHS = (
					"$(inherited)",
					"@executable_path/Frameworks",
				);
				PRODUCT_BUNDLE_IDENTIFIER = com.yydrobot.kidsintelligent;
				PRODUCT_NAME = "$(TARGET_NAME)";
				TARGETED_DEVICE_FAMILY = "1,2";
			};
			name = Debug;
		};
		AE0049A9247D149F0084F9E9 /* Release */ = {
			isa = XCBuildConfiguration;
			buildSettings = {
				ASSETCATALOG_COMPILER_APPICON_NAME = AppIcon;
				CODE_SIGN_STYLE = Automatic;
				DEVELOPMENT_TEAM = MVEES8GA63;
				INFOPLIST_FILE = QSPlayer/Info.plist;
				IPHONEOS_DEPLOYMENT_TARGET = 10.0;
				LD_RUNPATH_SEARCH_PATHS = (
					"$(inherited)",
					"@executable_path/Frameworks",
				);
				PRODUCT_BUNDLE_IDENTIFIER = com.yydrobot.kidsintelligent;
				PRODUCT_NAME = "$(TARGET_NAME)";
				TARGETED_DEVICE_FAMILY = "1,2";
			};
			name = Release;
		};
/* End XCBuildConfiguration section */

/* Begin XCConfigurationList section */
		AE00498C247D149D0084F9E9 /* Build configuration list for PBXProject "QSPlayer" */ = {
			isa = XCConfigurationList;
			buildConfigurations = (
				AE0049A5247D149F0084F9E9 /* Debug */,
				AE0049A6247D149F0084F9E9 /* Release */,
			);
			defaultConfigurationIsVisible = 0;
			defaultConfigurationName = Release;
		};
		AE0049A7247D149F0084F9E9 /* Build configuration list for PBXNativeTarget "QSPlayer" */ = {
			isa = XCConfigurationList;
			buildConfigurations = (
				AE0049A8247D149F0084F9E9 /* Debug */,
				AE0049A9247D149F0084F9E9 /* Release */,
			);
			defaultConfigurationIsVisible = 0;
			defaultConfigurationName = Release;
		};
/* End XCConfigurationList section */
	};
	rootObject = AE004989247D149D0084F9E9 /* Project object */;
}
